// !$*UTF8*$!
{
	archiveVersion = 1;
	classes = {
	};
	objectVersion = 50;
	objects = {

/* Begin PBXBuildFile section */
		9F35CEE2226A70E300887D82 /* LeagueViewController.swift in Sources */ = {isa = PBXBuildFile; fileRef = 9F35CEE1226A70E300887D82 /* LeagueViewController.swift */; };
		9F35CEE4226A70F700887D82 /* SkillViewController.swift in Sources */ = {isa = PBXBuildFile; fileRef = 9F35CEE3226A70F700887D82 /* SkillViewController.swift */; };
		9F35CEE6226A764B00887D82 /* PlayerModel.swift in Sources */ = {isa = PBXBuildFile; fileRef = 9F35CEE5226A764B00887D82 /* PlayerModel.swift */; };
		9FBD0C7D226891E800C347A7 /* AppDelegate.swift in Sources */ = {isa = PBXBuildFile; fileRef = 9FBD0C7C226891E800C347A7 /* AppDelegate.swift */; };
		9FBD0C7F226891E800C347A7 /* WelcomeViewController.swift in Sources */ = {isa = PBXBuildFile; fileRef = 9FBD0C7E226891E800C347A7 /* WelcomeViewController.swift */; };
		9FBD0C82226891E800C347A7 /* Main.storyboard in Resources */ = {isa = PBXBuildFile; fileRef = 9FBD0C80226891E800C347A7 /* Main.storyboard */; };
		9FBD0C84226891E900C347A7 /* Assets.xcassets in Resources */ = {isa = PBXBuildFile; fileRef = 9FBD0C83226891E900C347A7 /* Assets.xcassets */; };
		9FBD0C87226891E900C347A7 /* LaunchScreen.storyboard in Resources */ = {isa = PBXBuildFile; fileRef = 9FBD0C85226891E900C347A7 /* LaunchScreen.storyboard */; };
		9FBD0C92226891E900C347A7 /* swoosh_demo_appTests.swift in Sources */ = {isa = PBXBuildFile; fileRef = 9FBD0C91226891E900C347A7 /* swoosh_demo_appTests.swift */; };
		9FBD0C9D226891E900C347A7 /* swoosh_demo_appUITests.swift in Sources */ = {isa = PBXBuildFile; fileRef = 9FBD0C9C226891E900C347A7 /* swoosh_demo_appUITests.swift */; };
		9FBD0CAE2268980900C347A7 /* BorderButton.swift in Sources */ = {isa = PBXBuildFile; fileRef = 9FBD0CAD2268980900C347A7 /* BorderButton.swift */; };
/* End PBXBuildFile section */

/* Begin PBXContainerItemProxy section */
		9FBD0C8E226891E900C347A7 /* PBXContainerItemProxy */ = {
			isa = PBXContainerItemProxy;
			containerPortal = 9FBD0C71226891E800C347A7 /* Project object */;
			proxyType = 1;
			remoteGlobalIDString = 9FBD0C78226891E800C347A7;
			remoteInfo = "swoosh-demo-app";
		};
		9FBD0C99226891E900C347A7 /* PBXContainerItemProxy */ = {
			isa = PBXContainerItemProxy;
			containerPortal = 9FBD0C71226891E800C347A7 /* Project object */;
			proxyType = 1;
			remoteGlobalIDString = 9FBD0C78226891E800C347A7;
			remoteInfo = "swoosh-demo-app";
		};
/* End PBXContainerItemProxy section */

/* Begin PBXFileReference section */
		9F35CEE1226A70E300887D82 /* LeagueViewController.swift */ = {isa = PBXFileReference; lastKnownFileType = sourcecode.swift; path = LeagueViewController.swift; sourceTree = "<group>"; };
		9F35CEE3226A70F700887D82 /* SkillViewController.swift */ = {isa = PBXFileReference; lastKnownFileType = sourcecode.swift; path = SkillViewController.swift; sourceTree = "<group>"; };
		9F35CEE5226A764B00887D82 /* PlayerModel.swift */ = {isa = PBXFileReference; lastKnownFileType = sourcecode.swift; path = PlayerModel.swift; sourceTree = "<group>"; };
		9FBD0C79226891E800C347A7 /* swoosh-demo-app.app */ = {isa = PBXFileReference; explicitFileType = wrapper.application; includeInIndex = 0; path = "swoosh-demo-app.app"; sourceTree = BUILT_PRODUCTS_DIR; };
		9FBD0C7C226891E800C347A7 /* AppDelegate.swift */ = {isa = PBXFileReference; lastKnownFileType = sourcecode.swift; path = AppDelegate.swift; sourceTree = "<group>"; };
		9FBD0C7E226891E800C347A7 /* WelcomeViewController.swift */ = {isa = PBXFileReference; lastKnownFileType = sourcecode.swift; path = WelcomeViewController.swift; sourceTree = "<group>"; };
		9FBD0C81226891E800C347A7 /* Base */ = {isa = PBXFileReference; lastKnownFileType = file.storyboard; name = Base; path = Base.lproj/Main.storyboard; sourceTree = "<group>"; };
		9FBD0C83226891E900C347A7 /* Assets.xcassets */ = {isa = PBXFileReference; lastKnownFileType = folder.assetcatalog; path = Assets.xcassets; sourceTree = "<group>"; };
		9FBD0C86226891E900C347A7 /* Base */ = {isa = PBXFileReference; lastKnownFileType = file.storyboard; name = Base; path = Base.lproj/LaunchScreen.storyboard; sourceTree = "<group>"; };
		9FBD0C88226891E900C347A7 /* Info.plist */ = {isa = PBXFileReference; lastKnownFileType = text.plist.xml; path = Info.plist; sourceTree = "<group>"; };
		9FBD0C8D226891E900C347A7 /* swoosh-demo-appTests.xctest */ = {isa = PBXFileReference; explicitFileType = wrapper.cfbundle; includeInIndex = 0; path = "swoosh-demo-appTests.xctest"; sourceTree = BUILT_PRODUCTS_DIR; };
		9FBD0C91226891E900C347A7 /* swoosh_demo_appTests.swift */ = {isa = PBXFileReference; lastKnownFileType = sourcecode.swift; path = swoosh_demo_appTests.swift; sourceTree = "<group>"; };
		9FBD0C93226891E900C347A7 /* Info.plist */ = {isa = PBXFileReference; lastKnownFileType = text.plist.xml; path = Info.plist; sourceTree = "<group>"; };
		9FBD0C98226891E900C347A7 /* swoosh-demo-appUITests.xctest */ = {isa = PBXFileReference; explicitFileType = wrapper.cfbundle; includeInIndex = 0; path = "swoosh-demo-appUITests.xctest"; sourceTree = BUILT_PRODUCTS_DIR; };
		9FBD0C9C226891E900C347A7 /* swoosh_demo_appUITests.swift */ = {isa = PBXFileReference; lastKnownFileType = sourcecode.swift; path = swoosh_demo_appUITests.swift; sourceTree = "<group>"; };
		9FBD0C9E226891E900C347A7 /* Info.plist */ = {isa = PBXFileReference; lastKnownFileType = text.plist.xml; path = Info.plist; sourceTree = "<group>"; };
		9FBD0CAB226892A100C347A7 /* en */ = {isa = PBXFileReference; lastKnownFileType = text.plist.strings; name = en; path = en.lproj/Main.strings; sourceTree = "<group>"; };
		9FBD0CAD2268980900C347A7 /* BorderButton.swift */ = {isa = PBXFileReference; lastKnownFileType = sourcecode.swift; path = BorderButton.swift; sourceTree = "<group>"; };
/* End PBXFileReference section */

/* Begin PBXFrameworksBuildPhase section */
		9FBD0C76226891E800C347A7 /* Frameworks */ = {
			isa = PBXFrameworksBuildPhase;
			buildActionMask = 2147483647;
			files = (
			);
			runOnlyForDeploymentPostprocessing = 0;
		};
		9FBD0C8A226891E900C347A7 /* Frameworks */ = {
			isa = PBXFrameworksBuildPhase;
			buildActionMask = 2147483647;
			files = (
			);
			runOnlyForDeploymentPostprocessing = 0;
		};
		9FBD0C95226891E900C347A7 /* Frameworks */ = {
			isa = PBXFrameworksBuildPhase;
			buildActionMask = 2147483647;
			files = (
			);
			runOnlyForDeploymentPostprocessing = 0;
		};
/* End PBXFrameworksBuildPhase section */

/* Begin PBXGroup section */
		9F35CEDB226A6FB500887D82 /* Controller */ = {
			isa = PBXGroup;
			children = (
				9FBD0C7E226891E800C347A7 /* WelcomeViewController.swift */,
				9F35CEE1226A70E300887D82 /* LeagueViewController.swift */,
				9F35CEE3226A70F700887D82 /* SkillViewController.swift */,
			);
			path = Controller;
			sourceTree = "<group>";
		};
		9F35CEDC226A6FC000887D82 /* Model */ = {
			isa = PBXGroup;
			children = (
				9F35CEE5226A764B00887D82 /* PlayerModel.swift */,
			);
			path = Model;
			sourceTree = "<group>";
		};
		9FBD0C70226891E800C347A7 = {
			isa = PBXGroup;
			children = (
				9FBD0C7B226891E800C347A7 /* swoosh-demo-app */,
				9FBD0C90226891E900C347A7 /* swoosh-demo-appTests */,
				9FBD0C9B226891E900C347A7 /* swoosh-demo-appUITests */,
				9FBD0C7A226891E800C347A7 /* Products */,
			);
			sourceTree = "<group>";
		};
		9FBD0C7A226891E800C347A7 /* Products */ = {
			isa = PBXGroup;
			children = (
				9FBD0C79226891E800C347A7 /* swoosh-demo-app.app */,
				9FBD0C8D226891E900C347A7 /* swoosh-demo-appTests.xctest */,
				9FBD0C98226891E900C347A7 /* swoosh-demo-appUITests.xctest */,
			);
			name = Products;
			sourceTree = "<group>";
		};
		9FBD0C7B226891E800C347A7 /* swoosh-demo-app */ = {
			isa = PBXGroup;
			children = (
				9F35CEDC226A6FC000887D82 /* Model */,
				9F35CEDB226A6FB500887D82 /* Controller */,
				9FBD0CAC2268979A00C347A7 /* Views */,
				9FBD0C7C226891E800C347A7 /* AppDelegate.swift */,
				9FBD0C80226891E800C347A7 /* Main.storyboard */,
				9FBD0C83226891E900C347A7 /* Assets.xcassets */,
				9FBD0C85226891E900C347A7 /* LaunchScreen.storyboard */,
				9FBD0C88226891E900C347A7 /* Info.plist */,
			);
			path = "swoosh-demo-app";
			sourceTree = "<group>";
		};
		9FBD0C90226891E900C347A7 /* swoosh-demo-appTests */ = {
			isa = PBXGroup;
			children = (
				9FBD0C91226891E900C347A7 /* swoosh_demo_appTests.swift */,
				9FBD0C93226891E900C347A7 /* Info.plist */,
			);
			path = "swoosh-demo-appTests";
			sourceTree = "<group>";
		};
		9FBD0C9B226891E900C347A7 /* swoosh-demo-appUITests */ = {
			isa = PBXGroup;
			children = (
				9FBD0C9C226891E900C347A7 /* swoosh_demo_appUITests.swift */,
				9FBD0C9E226891E900C347A7 /* Info.plist */,
			);
			path = "swoosh-demo-appUITests";
			sourceTree = "<group>";
		};
		9FBD0CAC2268979A00C347A7 /* Views */ = {
			isa = PBXGroup;
			children = (
				9FBD0CAD2268980900C347A7 /* BorderButton.swift */,
			);
			path = Views;
			sourceTree = "<group>";
		};
/* End PBXGroup section */

/* Begin PBXNativeTarget section */
		9FBD0C78226891E800C347A7 /* swoosh-demo-app */ = {
			isa = PBXNativeTarget;
			buildConfigurationList = 9FBD0CA1226891E900C347A7 /* Build configuration list for PBXNativeTarget "swoosh-demo-app" */;
			buildPhases = (
				9FBD0C75226891E800C347A7 /* Sources */,
				9FBD0C76226891E800C347A7 /* Frameworks */,
				9FBD0C77226891E800C347A7 /* Resources */,
			);
			buildRules = (
			);
			dependencies = (
			);
			name = "swoosh-demo-app";
			productName = "swoosh-demo-app";
			productReference = 9FBD0C79226891E800C347A7 /* swoosh-demo-app.app */;
			productType = "com.apple.product-type.application";
		};
		9FBD0C8C226891E900C347A7 /* swoosh-demo-appTests */ = {
			isa = PBXNativeTarget;
			buildConfigurationList = 9FBD0CA4226891E900C347A7 /* Build configuration list for PBXNativeTarget "swoosh-demo-appTests" */;
			buildPhases = (
				9FBD0C89226891E900C347A7 /* Sources */,
				9FBD0C8A226891E900C347A7 /* Frameworks */,
				9FBD0C8B226891E900C347A7 /* Resources */,
			);
			buildRules = (
			);
			dependencies = (
				9FBD0C8F226891E900C347A7 /* PBXTargetDependency */,
			);
			name = "swoosh-demo-appTests";
			productName = "swoosh-demo-appTests";
			productReference = 9FBD0C8D226891E900C347A7 /* swoosh-demo-appTests.xctest */;
			productType = "com.apple.product-type.bundle.unit-test";
		};
		9FBD0C97226891E900C347A7 /* swoosh-demo-appUITests */ = {
			isa = PBXNativeTarget;
			buildConfigurationList = 9FBD0CA7226891E900C347A7 /* Build configuration list for PBXNativeTarget "swoosh-demo-appUITests" */;
			buildPhases = (
				9FBD0C94226891E900C347A7 /* Sources */,
				9FBD0C95226891E900C347A7 /* Frameworks */,
				9FBD0C96226891E900C347A7 /* Resources */,
			);
			buildRules = (
			);
			dependencies = (
				9FBD0C9A226891E900C347A7 /* PBXTargetDependency */,
			);
			name = "swoosh-demo-appUITests";
			productName = "swoosh-demo-appUITests";
			productReference = 9FBD0C98226891E900C347A7 /* swoosh-demo-appUITests.xctest */;
			productType = "com.apple.product-type.bundle.ui-testing";
		};
/* End PBXNativeTarget section */

/* Begin PBXProject section */
		9FBD0C71226891E800C347A7 /* Project object */ = {
			isa = PBXProject;
			attributes = {
				LastSwiftUpdateCheck = 1010;
				LastUpgradeCheck = 1010;
				ORGANIZATIONNAME = "Shawn Baugh";
				TargetAttributes = {
					9FBD0C78226891E800C347A7 = {
						CreatedOnToolsVersion = 10.1;
					};
					9FBD0C8C226891E900C347A7 = {
						CreatedOnToolsVersion = 10.1;
						TestTargetID = 9FBD0C78226891E800C347A7;
					};
					9FBD0C97226891E900C347A7 = {
						CreatedOnToolsVersion = 10.1;
						TestTargetID = 9FBD0C78226891E800C347A7;
					};
				};
			};
			buildConfigurationList = 9FBD0C74226891E800C347A7 /* Build configuration list for PBXProject "swoosh-demo-app" */;
			compatibilityVersion = "Xcode 9.3";
			developmentRegion = en;
			hasScannedForEncodings = 0;
			knownRegions = (
				en,
				Base,
			);
			mainGroup = 9FBD0C70226891E800C347A7;
			productRefGroup = 9FBD0C7A226891E800C347A7 /* Products */;
			projectDirPath = "";
			projectRoot = "";
			targets = (
				9FBD0C78226891E800C347A7 /* swoosh-demo-app */,
				9FBD0C8C226891E900C347A7 /* swoosh-demo-appTests */,
				9FBD0C97226891E900C347A7 /* swoosh-demo-appUITests */,
			);
		};
/* End PBXProject section */

/* Begin PBXResourcesBuildPhase section */
		9FBD0C77226891E800C347A7 /* Resources */ = {
			isa = PBXResourcesBuildPhase;
			buildActionMask = 2147483647;
			files = (
				9FBD0C87226891E900C347A7 /* LaunchScreen.storyboard in Resources */,
				9FBD0C84226891E900C347A7 /* Assets.xcassets in Resources */,
				9FBD0C82226891E800C347A7 /* Main.storyboard in Resources */,
			);
			runOnlyForDeploymentPostprocessing = 0;
		};
		9FBD0C8B226891E900C347A7 /* Resources */ = {
			isa = PBXResourcesBuildPhase;
			buildActionMask = 2147483647;
			files = (
			);
			runOnlyForDeploymentPostprocessing = 0;
		};
		9FBD0C96226891E900C347A7 /* Resources */ = {
			isa = PBXResourcesBuildPhase;
			buildActionMask = 2147483647;
			files = (
			);
			runOnlyForDeploymentPostprocessing = 0;
		};
/* End PBXResourcesBuildPhase section */

/* Begin PBXSourcesBuildPhase section */
		9FBD0C75226891E800C347A7 /* Sources */ = {
			isa = PBXSourcesBuildPhase;
			buildActionMask = 2147483647;
			files = (
				9F35CEE6226A764B00887D82 /* PlayerModel.swift in Sources */,
				9FBD0C7F226891E800C347A7 /* WelcomeViewController.swift in Sources */,
				9FBD0C7D226891E800C347A7 /* AppDelegate.swift in Sources */,
				9F35CEE4226A70F700887D82 /* SkillViewController.swift in Sources */,
				9FBD0CAE2268980900C347A7 /* BorderButton.swift in Sources */,
				9F35CEE2226A70E300887D82 /* LeagueViewController.swift in Sources */,
			);
			runOnlyForDeploymentPostprocessing = 0;
		};
		9FBD0C89226891E900C347A7 /* Sources */ = {
			isa = PBXSourcesBuildPhase;
			buildActionMask = 2147483647;
			files = (
				9FBD0C92226891E900C347A7 /* swoosh_demo_appTests.swift in Sources */,
			);
			runOnlyForDeploymentPostprocessing = 0;
		};
		9FBD0C94226891E900C347A7 /* Sources */ = {
			isa = PBXSourcesBuildPhase;
			buildActionMask = 2147483647;
			files = (
				9FBD0C9D226891E900C347A7 /* swoosh_demo_appUITests.swift in Sources */,
			);
			runOnlyForDeploymentPostprocessing = 0;
		};
/* End PBXSourcesBuildPhase section */

/* Begin PBXTargetDependency section */
		9FBD0C8F226891E900C347A7 /* PBXTargetDependency */ = {
			isa = PBXTargetDependency;
			target = 9FBD0C78226891E800C347A7 /* swoosh-demo-app */;
			targetProxy = 9FBD0C8E226891E900C347A7 /* PBXContainerItemProxy */;
		};
		9FBD0C9A226891E900C347A7 /* PBXTargetDependency */ = {
			isa = PBXTargetDependency;
			target = 9FBD0C78226891E800C347A7 /* swoosh-demo-app */;
			targetProxy = 9FBD0C99226891E900C347A7 /* PBXContainerItemProxy */;
		};
/* End PBXTargetDependency section */

/* Begin PBXVariantGroup section */
		9FBD0C80226891E800C347A7 /* Main.storyboard */ = {
			isa = PBXVariantGroup;
			children = (
				9FBD0C81226891E800C347A7 /* Base */,
				9FBD0CAB226892A100C347A7 /* en */,
			);
			name = Main.storyboard;
			sourceTree = "<group>";
		};
		9FBD0C85226891E900C347A7 /* LaunchScreen.storyboard */ = {
			isa = PBXVariantGroup;
			children = (
				9FBD0C86226891E900C347A7 /* Base */,
			);
			name = LaunchScreen.storyboard;
			sourceTree = "<group>";
		};
/* End PBXVariantGroup section */

/* Begin XCBuildConfiguration section */
		9FBD0C9F226891E900C347A7 /* Debug */ = {
			isa = XCBuildConfiguration;
			buildSettings = {
				ALWAYS_SEARCH_USER_PATHS = NO;
				CLANG_ANALYZER_NONNULL = YES;
				CLANG_ANALYZER_NUMBER_OBJECT_CONVERSION = YES_AGGRESSIVE;
				CLANG_CXX_LANGUAGE_STANDARD = "gnu++14";
				CLANG_CXX_LIBRARY = "libc++";
				CLANG_ENABLE_MODULES = YES;
				CLANG_ENABLE_OBJC_ARC = YES;
				CLANG_ENABLE_OBJC_WEAK = YES;
				CLANG_WARN_BLOCK_CAPTURE_AUTORELEASING = YES;
				CLANG_WARN_BOOL_CONVERSION = YES;
				CLANG_WARN_COMMA = YES;
				CLANG_WARN_CONSTANT_CONVERSION = YES;
				CLANG_WARN_DEPRECATED_OBJC_IMPLEMENTATIONS = YES;
				CLANG_WARN_DIRECT_OBJC_ISA_USAGE = YES_ERROR;
				CLANG_WARN_DOCUMENTATION_COMMENTS = YES;
				CLANG_WARN_EMPTY_BODY = YES;
				CLANG_WARN_ENUM_CONVERSION = YES;
				CLANG_WARN_INFINITE_RECURSION = YES;
				CLANG_WARN_INT_CONVERSION = YES;
				CLANG_WARN_NON_LITERAL_NULL_CONVERSION = YES;
				CLANG_WARN_OBJC_IMPLICIT_RETAIN_SELF = YES;
				CLANG_WARN_OBJC_LITERAL_CONVERSION = YES;
				CLANG_WARN_OBJC_ROOT_CLASS = YES_ERROR;
				CLANG_WARN_RANGE_LOOP_ANALYSIS = YES;
				CLANG_WARN_STRICT_PROTOTYPES = YES;
				CLANG_WARN_SUSPICIOUS_MOVE = YES;
				CLANG_WARN_UNGUARDED_AVAILABILITY = YES_AGGRESSIVE;
				CLANG_WARN_UNREACHABLE_CODE = YES;
				CLANG_WARN__DUPLICATE_METHOD_MATCH = YES;
				CODE_SIGN_IDENTITY = "iPhone Developer";
				COPY_PHASE_STRIP = NO;
				DEBUG_INFORMATION_FORMAT = dwarf;
				ENABLE_STRICT_OBJC_MSGSEND = YES;
				ENABLE_TESTABILITY = YES;
				GCC_C_LANGUAGE_STANDARD = gnu11;
				GCC_DYNAMIC_NO_PIC = NO;
				GCC_NO_COMMON_BLOCKS = YES;
				GCC_OPTIMIZATION_LEVEL = 0;
				GCC_PREPROCESSOR_DEFINITIONS = (
					"DEBUG=1",
					"$(inherited)",
				);
				GCC_WARN_64_TO_32_BIT_CONVERSION = YES;
				GCC_WARN_ABOUT_RETURN_TYPE = YES_ERROR;
				GCC_WARN_UNDECLARED_SELECTOR = YES;
				GCC_WARN_UNINITIALIZED_AUTOS = YES_AGGRESSIVE;
				GCC_WARN_UNUSED_FUNCTION = YES;
				GCC_WARN_UNUSED_VARIABLE = YES;
				IPHONEOS_DEPLOYMENT_TARGET = 12.1;
				MTL_ENABLE_DEBUG_INFO = INCLUDE_SOURCE;
				MTL_FAST_MATH = YES;
				ONLY_ACTIVE_ARCH = YES;
				SDKROOT = iphoneos;
				SWIFT_ACTIVE_COMPILATION_CONDITIONS = DEBUG;
				SWIFT_OPTIMIZATION_LEVEL = "-Onone";
			};
			name = Debug;
		};
		9FBD0CA0226891E900C347A7 /* Release */ = {
			isa = XCBuildConfiguration;
			buildSettings = {
				ALWAYS_SEARCH_USER_PATHS = NO;
				CLANG_ANALYZER_NONNULL = YES;
				CLANG_ANALYZER_NUMBER_OBJECT_CONVERSION = YES_AGGRESSIVE;
				CLANG_CXX_LANGUAGE_STANDARD = "gnu++14";
				CLANG_CXX_LIBRARY = "libc++";
				CLANG_ENABLE_MODULES = YES;
				CLANG_ENABLE_OBJC_ARC = YES;
				CLANG_ENABLE_OBJC_WEAK = YES;
				CLANG_WARN_BLOCK_CAPTURE_AUTORELEASING = YES;
				CLANG_WARN_BOOL_CONVERSION = YES;
				CLANG_WARN_COMMA = YES;
				CLANG_WARN_CONSTANT_CONVERSION = YES;
				CLANG_WARN_DEPRECATED_OBJC_IMPLEMENTATIONS = YES;
				CLANG_WARN_DIRECT_OBJC_ISA_USAGE = YES_ERROR;
				CLANG_WARN_DOCUMENTATION_COMMENTS = YES;
				CLANG_WARN_EMPTY_BODY = YES;
				CLANG_WARN_ENUM_CONVERSION = YES;
				CLANG_WARN_INFINITE_RECURSION = YES;
				CLANG_WARN_INT_CONVERSION = YES;
				CLANG_WARN_NON_LITERAL_NULL_CONVERSION = YES;
				CLANG_WARN_OBJC_IMPLICIT_RETAIN_SELF = YES;
				CLANG_WARN_OBJC_LITERAL_CONVERSION = YES;
				CLANG_WARN_OBJC_ROOT_CLASS = YES_ERROR;
				CLANG_WARN_RANGE_LOOP_ANALYSIS = YES;
				CLANG_WARN_STRICT_PROTOTYPES = YES;
				CLANG_WARN_SUSPICIOUS_MOVE = YES;
				CLANG_WARN_UNGUARDED_AVAILABILITY = YES_AGGRESSIVE;
				CLANG_WARN_UNREACHABLE_CODE = YES;
				CLANG_WARN__DUPLICATE_METHOD_MATCH = YES;
				CODE_SIGN_IDENTITY = "iPhone Developer";
				COPY_PHASE_STRIP = NO;
				DEBUG_INFORMATION_FORMAT = "dwarf-with-dsym";
				ENABLE_NS_ASSERTIONS = NO;
				ENABLE_STRICT_OBJC_MSGSEND = YES;
				GCC_C_LANGUAGE_STANDARD = gnu11;
				GCC_NO_COMMON_BLOCKS = YES;
				GCC_WARN_64_TO_32_BIT_CONVERSION = YES;
				GCC_WARN_ABOUT_RETURN_TYPE = YES_ERROR;
				GCC_WARN_UNDECLARED_SELECTOR = YES;
				GCC_WARN_UNINITIALIZED_AUTOS = YES_AGGRESSIVE;
				GCC_WARN_UNUSED_FUNCTION = YES;
				GCC_WARN_UNUSED_VARIABLE = YES;
				IPHONEOS_DEPLOYMENT_TARGET = 12.1;
				MTL_ENABLE_DEBUG_INFO = NO;
				MTL_FAST_MATH = YES;
				SDKROOT = iphoneos;
				SWIFT_COMPILATION_MODE = wholemodule;
				SWIFT_OPTIMIZATION_LEVEL = "-O";
				VALIDATE_PRODUCT = YES;
			};
			name = Release;
		};
		9FBD0CA2226891E900C347A7 /* Debug */ = {
			isa = XCBuildConfiguration;
			buildSettings = {
				ASSETCATALOG_COMPILER_APPICON_NAME = AppIcon;
				CODE_SIGN_STYLE = Automatic;
				DEVELOPMENT_TEAM = G4BF89JQAP;
				INFOPLIST_FILE = "swoosh-demo-app/Info.plist";
				LD_RUNPATH_SEARCH_PATHS = (
					"$(inherited)",
					"@executable_path/Frameworks",
				);
				PRODUCT_BUNDLE_IDENTIFIER = "shawn-baugh-2.swoosh-demo-app";
				PRODUCT_NAME = "$(TARGET_NAME)";
				SWIFT_VERSION = 4.2;
				TARGETED_DEVICE_FAMILY = "1,2";
			};
			name = Debug;
		};
		9FBD0CA3226891E900C347A7 /* Release */ = {
			isa = XCBuildConfiguration;
			buildSettings = {
				ASSETCATALOG_COMPILER_APPICON_NAME = AppIcon;
				CODE_SIGN_STYLE = Automatic;
				DEVELOPMENT_TEAM = G4BF89JQAP;
				INFOPLIST_FILE = "swoosh-demo-app/Info.plist";
				LD_RUNPATH_SEARCH_PATHS = (
					"$(inherited)",
					"@executable_path/Frameworks",
				);
				PRODUCT_BUNDLE_IDENTIFIER = "shawn-baugh-2.swoosh-demo-app";
				PRODUCT_NAME = "$(TARGET_NAME)";
				SWIFT_VERSION = 4.2;
				TARGETED_DEVICE_FAMILY = "1,2";
			};
			name = Release;
		};
		9FBD0CA5226891E900C347A7 /* Debug */ = {
			isa = XCBuildConfiguration;
			buildSettings = {
				ALWAYS_EMBED_SWIFT_STANDARD_LIBRARIES = YES;
				BUNDLE_LOADER = "$(TEST_HOST)";
				CODE_SIGN_STYLE = Automatic;
				DEVELOPMENT_TEAM = G4BF89JQAP;
				INFOPLIST_FILE = "swoosh-demo-appTests/Info.plist";
				LD_RUNPATH_SEARCH_PATHS = (
					"$(inherited)",
					"@executable_path/Frameworks",
					"@loader_path/Frameworks",
				);
				PRODUCT_BUNDLE_IDENTIFIER = "shawn-baugh-2.swoosh-demo-appTests";
				PRODUCT_NAME = "$(TARGET_NAME)";
				SWIFT_VERSION = 4.2;
				TARGETED_DEVICE_FAMILY = "1,2";
				TEST_HOST = "$(BUILT_PRODUCTS_DIR)/swoosh-demo-app.app/swoosh-demo-app";
			};
			name = Debug;
		};
		9FBD0CA6226891E900C347A7 /* Release */ = {
			isa = XCBuildConfiguration;
			buildSettings = {
				ALWAYS_EMBED_SWIFT_STANDARD_LIBRARIES = YES;
				BUNDLE_LOADER = "$(TEST_HOST)";
				CODE_SIGN_STYLE = Automatic;
				DEVELOPMENT_TEAM = G4BF89JQAP;
				INFOPLIST_FILE = "swoosh-demo-appTests/Info.plist";
				LD_RUNPATH_SEARCH_PATHS = (
					"$(inherited)",
					"@executable_path/Frameworks",
					"@loader_path/Frameworks",
				);
				PRODUCT_BUNDLE_IDENTIFIER = "shawn-baugh-2.swoosh-demo-appTests";
				PRODUCT_NAME = "$(TARGET_NAME)";
				SWIFT_VERSION = 4.2;
				TARGETED_DEVICE_FAMILY = "1,2";
				TEST_HOST = "$(BUILT_PRODUCTS_DIR)/swoosh-demo-app.app/swoosh-demo-app";
			};
			name = Release;
		};
		9FBD0CA8226891E900C347A7 /* Debug */ = {
			isa = XCBuildConfiguration;
			buildSettings = {
				ALWAYS_EMBED_SWIFT_STANDARD_LIBRARIES = YES;
				CODE_SIGN_STYLE = Automatic;
				DEVELOPMENT_TEAM = G4BF89JQAP;
				INFOPLIST_FILE = "swoosh-demo-appUITests/Info.plist";
				LD_RUNPATH_SEARCH_PATHS = (
					"$(inherited)",
					"@executable_path/Frameworks",
					"@loader_path/Frameworks",
				);
				PRODUCT_BUNDLE_IDENTIFIER = "shawn-baugh-2.swoosh-demo-appUITests";
				PRODUCT_NAME = "$(TARGET_NAME)";
				SWIFT_VERSION = 4.2;
				TARGETED_DEVICE_FAMILY = "1,2";
				TEST_TARGET_NAME = "swoosh-demo-app";
			};
			name = Debug;
		};
		9FBD0CA9226891E900C347A7 /* Release */ = {
			isa = XCBuildConfiguration;
			buildSettings = {
				ALWAYS_EMBED_SWIFT_STANDARD_LIBRARIES = YES;
				CODE_SIGN_STYLE = Automatic;
				DEVELOPMENT_TEAM = G4BF89JQAP;
				INFOPLIST_FILE = "swoosh-demo-appUITests/Info.plist";
				LD_RUNPATH_SEARCH_PATHS = (
					"$(inherited)",
					"@executable_path/Frameworks",
					"@loader_path/Frameworks",
				);
				PRODUCT_BUNDLE_IDENTIFIER = "shawn-baugh-2.swoosh-demo-appUITests";
				PRODUCT_NAME = "$(TARGET_NAME)";
				SWIFT_VERSION = 4.2;
				TARGETED_DEVICE_FAMILY = "1,2";
				TEST_TARGET_NAME = "swoosh-demo-app";
			};
			name = Release;
		};
/* End XCBuildConfiguration section */

/* Begin XCConfigurationList section */
		9FBD0C74226891E800C347A7 /* Build configuration list for PBXProject "swoosh-demo-app" */ = {
			isa = XCConfigurationList;
			buildConfigurations = (
				9FBD0C9F226891E900C347A7 /* Debug */,
				9FBD0CA0226891E900C347A7 /* Release */,
			);
			defaultConfigurationIsVisible = 0;
			defaultConfigurationName = Release;
		};
		9FBD0CA1226891E900C347A7 /* Build configuration list for PBXNativeTarget "swoosh-demo-app" */ = {
			isa = XCConfigurationList;
			buildConfigurations = (
				9FBD0CA2226891E900C347A7 /* Debug */,
				9FBD0CA3226891E900C347A7 /* Release */,
			);
			defaultConfigurationIsVisible = 0;
			defaultConfigurationName = Release;
		};
		9FBD0CA4226891E900C347A7 /* Build configuration list for PBXNativeTarget "swoosh-demo-appTests" */ = {
			isa = XCConfigurationList;
			buildConfigurations = (
				9FBD0CA5226891E900C347A7 /* Debug */,
				9FBD0CA6226891E900C347A7 /* Release */,
			);
			defaultConfigurationIsVisible = 0;
			defaultConfigurationName = Release;
		};
		9FBD0CA7226891E900C347A7 /* Build configuration list for PBXNativeTarget "swoosh-demo-appUITests" */ = {
			isa = XCConfigurationList;
			buildConfigurations = (
				9FBD0CA8226891E900C347A7 /* Debug */,
				9FBD0CA9226891E900C347A7 /* Release */,
			);
			defaultConfigurationIsVisible = 0;
			defaultConfigurationName = Release;
		};
/* End XCConfigurationList section */
	};
	rootObject = 9FBD0C71226891E800C347A7 /* Project object */;
}
